
Microsoft Visual Studio Solution File, Format Version 12.00
# Visual Studio 15
VisualStudioVersion = 15.0.28307.1525
MinimumVisualStudioVersion = 10.0.40219.1
Project("{FAE04EC0-301F-11D3-BF4B-00C04F79EFBC}") = "MatchGame", "MatchGame\MatchGame.csproj", "{F843D301-5A53-40A0-8B0C-3BC46D426714}"
EndProject
Global
	GlobalSection(SolutionConfigurationPlatforms) = preSolution
		Debug|Any CPU = Debug|Any CPU
		Release|Any CPU = Release|Any CPU
	EndGlobalSection
	GlobalSection(ProjectConfigurationPlatforms) = postSolution
		{F843D301-5A53-40A0-8B0C-3BC46D426714}.Debug|Any CPU.ActiveCfg = Debug|Any CPU
		{F843D301-5A53-40A0-8B0C-3BC46D426714}.Debug|Any CPU.Build.0 = Debug|Any CPU
		{F843D301-5A53-40A0-8B0C-3BC46D426714}.Release|Any CPU.ActiveCfg = Release|Any CPU
		{F843D301-5A53-40A0-8B0C-3BC46D426714}.Release|Any CPU.Build.0 = Release|Any CPU
	EndGlobalSection
	GlobalSection(SolutionProperties) = preSolution
		HideSolutionNode = FALSE
	EndGlobalSection
	GlobalSection(ExtensibilityGlobals) = postSolution
		SolutionGuid = {7288733A-BD1A-4DB2-862F-2929BDDF34E3}
	EndGlobalSection
EndGlobal
